
Microsoft Visual Studio Solution File, Format Version 12.00
# Visual Studio Version 17
VisualStudioVersion = 17.4.33213.308
MinimumVisualStudioVersion = 10.0.40219.1
Project("{FAE04EC0-301F-11D3-BF4B-00C04F79EFBC}") = "JwtTokenSqlServer", "JwtTokenSqlServer\JwtTokenSqlServer.csproj", "{28769203-A2D5-4C6D-A63C-13E6319603C0}"
EndProject
Global
	GlobalSection(SolutionConfigurationPlatforms) = preSolution
		Debug|Any CPU = Debug|Any CPU
		Release|Any CPU = Release|Any CPU
	EndGlobalSection
	GlobalSection(ProjectConfigurationPlatforms) = postSolution
		{28769203-A2D5-4C6D-A63C-13E6319603C0}.Debug|Any CPU.ActiveCfg = Debug|Any CPU
		{28769203-A2D5-4C6D-A63C-13E6319603C0}.Debug|Any CPU.Build.0 = Debug|Any CPU
		{28769203-A2D5-4C6D-A63C-13E6319603C0}.Release|Any CPU.ActiveCfg = Release|Any CPU
		{28769203-A2D5-4C6D-A63C-13E6319603C0}.Release|Any CPU.Build.0 = Release|Any CPU
	EndGlobalSection
	GlobalSection(SolutionProperties) = preSolution
		HideSolutionNode = FALSE
	EndGlobalSection
	GlobalSection(ExtensibilityGlobals) = postSolution
		SolutionGuid = {783A8B6B-EDC6-4B92-AD2B-E6C4852CDF67}
	EndGlobalSection
EndGlobal
